{
  "version": "4",
  "specifiers": {
    "jsr:@b-fuze/deno-dom@*": "0.1.48",
    "jsr:@libs/typing@2": "2.9.0",
    "jsr:@std/path@*": "1.0.6",
    "npm:fast-xml-parser@*": "4.5.0",
    "npm:graphlib@*": "2.1.8",
    "npm:jsdom@*": "25.0.0",
    "npm:xml2js@*": "0.6.2",
    "npm:xml2json@*": "0.12.0"
  },
  "jsr": {
    "@b-fuze/deno-dom@0.1.48": {
      "integrity": "bf5b591aef2e9e9c59adfcbb93a9ecd45bab5b7c8263625beafa5c8f1662e7da"
    },
    "@libs/typing@2.9.0": {
      "integrity": "ddf35ea652b807cd9b19b4f3f163fb5d76d57299053753fbd01ba8b02d9306ad"
    },
    "@std/path@1.0.6": {
      "integrity": "ab2c55f902b380cf28e0eec501b4906e4c1960d13f00e11cfbcd21de15f18fed"
    }
  },
  "npm": {
    "agent-base@7.1.1": {
      "integrity": "sha512-H0TSyFNDMomMNJQBn8wFV5YC/2eJ+VXECwOadZJT554xP6cODZHPX3H9QMQECxvrgiSOP1pHjy1sMWQVYJOUOA==",
      "dependencies": [
        "debug"
      ]
    },
    "asynckit@0.4.0": {
      "integrity": "sha512-Oei9OH4tRh0YqU3GxhX79dM/mwVgvbZJaSNaRk+bshkj0S5cfHcgYakreBjrHwatXKbz+IoIdYLxrKim2MjW0Q=="
    },
    "bindings@1.5.0": {
      "integrity": "sha512-p2q/t/mhvuOj/UeLlV6566GD/guowlr0hHxClI0W9m7MWYkL1F0hLo+0Aexs9HSPCtR1SXQ0TD3MMKrXZajbiQ==",
      "dependencies": [
        "file-uri-to-path"
      ]
    },
    "combined-stream@1.0.8": {
      "integrity": "sha512-FQN4MRfuJeHf7cBbBMJFXhKSDq+2kAArBlmRBvcvFE5BB1HZKXtSFASDhdlz9zOYwxh8lDdnvmMOe/+5cdoEdg==",
      "dependencies": [
        "delayed-stream"
      ]
    },
    "cssstyle@4.1.0": {
      "integrity": "sha512-h66W1URKpBS5YMI/V8PyXvTMFT8SupJ1IzoIV8IeBC/ji8WVmrO8dGlTi+2dh6whmdk6BiKJLD/ZBkhWbcg6nA==",
      "dependencies": [
        "rrweb-cssom"
      ]
    },
    "data-urls@5.0.0": {
      "integrity": "sha512-ZYP5VBHshaDAiVZxjbRVcFJpc+4xGgT0bK3vzy1HLN8jTO975HEbuYzZJcHoQEY5K1a0z8YayJkyVETa08eNTg==",
      "dependencies": [
        "whatwg-mimetype",
        "whatwg-url"
      ]
    },
    "debug@4.3.7": {
      "integrity": "sha512-Er2nc/H7RrMXZBFCEim6TCmMk02Z8vLC2Rbi1KEBggpo0fS6l0S1nnapwmIi3yW/+GOJap1Krg4w0Hg80oCqgQ==",
      "dependencies": [
        "ms"
      ]
    },
    "decimal.js@10.4.3": {
      "integrity": "sha512-VBBaLc1MgL5XpzgIP7ny5Z6Nx3UrRkIViUkPUdtl9aya5amy3De1gsUUSB1g3+3sExYNjCAsAznmukyxCb1GRA=="
    },
    "delayed-stream@1.0.0": {
      "integrity": "sha512-ZySD7Nf91aLB0RxL4KGrKHBXl7Eds1DAmEdcoVawXnLD7SDhpNgtuII2aAkg7a7QS41jxPSZ17p4VdGnMHk3MQ=="
    },
    "entities@4.5.0": {
      "integrity": "sha512-V0hjH4dGPh9Ao5p0MoRY6BVqtwCjhz6vI5LT8AJ55H+4g9/4vbHx1I54fS0XuclLhDHArPQCiMjDxjaL8fPxhw=="
    },
    "fast-xml-parser@4.5.0": {
      "integrity": "sha512-/PlTQCI96+fZMAOLMZK4CWG1ItCbfZ/0jx7UIJFChPNrx7tcEgerUgWbeieCM9MfHInUDyK8DWYZ+YrywDJuTg==",
      "dependencies": [
        "strnum"
      ]
    },
    "file-uri-to-path@1.0.0": {
      "integrity": "sha512-0Zt+s3L7Vf1biwWZ29aARiVYLx7iMGnEUl9x33fbB/j3jR81u/O2LbqK+Bm1CDSNDKVtJ/YjwY7TUd5SkeLQLw=="
    },
    "form-data@4.0.0": {
      "integrity": "sha512-ETEklSGi5t0QMZuiXoA/Q6vcnxcLQP5vdugSpuAyi6SVGi2clPPp+xgEhuMaHC+zGgn31Kd235W35f7Hykkaww==",
      "dependencies": [
        "asynckit",
        "combined-stream",
        "mime-types"
      ]
    },
    "graphlib@2.1.8": {
      "integrity": "sha512-jcLLfkpoVGmH7/InMC/1hIvOPSUh38oJtGhvrOFGzioE1DZ+0YW16RgmOJhHiuWTvGiJQ9Z1Ik43JvkRPRvE+A==",
      "dependencies": [
        "lodash"
      ]
    },
    "hoek@4.3.1": {
      "integrity": "sha512-v7E+yIjcHECn973i0xHm4kJkEpv3C8sbYS4344WXbzYqRyiDD7rjnnKo4hsJkejQBAFdRMUGNHySeSPKSH9Rqw=="
    },
    "hoek@5.0.4": {
      "integrity": "sha512-Alr4ZQgoMlnere5FZJsIyfIjORBqZll5POhDsF4q64dPuJR6rNxXdDxtHSQq8OXRurhmx+PWYEE8bXRROY8h0w=="
    },
    "hoek@6.1.3": {
      "integrity": "sha512-YXXAAhmF9zpQbC7LEcREFtXfGq5K1fmd+4PHkBq8NUqmzW3G+Dq10bI/i0KucLRwss3YYFQ0fSfoxBZYiGUqtQ=="
    },
    "html-encoding-sniffer@4.0.0": {
      "integrity": "sha512-Y22oTqIU4uuPgEemfz7NDJz6OeKf12Lsu+QC+s3BVpda64lTiMYCyGwg5ki4vFxkMwQdeZDl2adZoqUgdFuTgQ==",
      "dependencies": [
        "whatwg-encoding"
      ]
    },
    "http-proxy-agent@7.0.2": {
      "integrity": "sha512-T1gkAiYYDWYx3V5Bmyu7HcfcvL7mUrTWiM6yOfa3PIphViJ/gFPbvidQ+veqSOHci/PxBcDabeUNCzpOODJZig==",
      "dependencies": [
        "agent-base",
        "debug"
      ]
    },
    "https-proxy-agent@7.0.5": {
      "integrity": "sha512-1e4Wqeblerz+tMKPIq2EMGiiWW1dIjZOksyHWSUm1rmuvw/how9hBHZ38lAGj5ID4Ik6EdkOw7NmWPy6LAwalw==",
      "dependencies": [
        "agent-base",
        "debug"
      ]
    },
    "iconv-lite@0.6.3": {
      "integrity": "sha512-4fCk79wshMdzMp2rH06qWrJE4iolqLhCUH+OiuIgU++RB0+94NlDL81atO7GX55uUKueo0txHNtvEyI6D7WdMw==",
      "dependencies": [
        "safer-buffer"
      ]
    },
    "is-potential-custom-element-name@1.0.1": {
      "integrity": "sha512-bCYeRA2rVibKZd+s2625gGnGF/t7DSqDs4dP7CrLA1m7jKWz6pps0LpYLJN8Q64HtmPKJ1hrN3nzPNKFEKOUiQ=="
    },
    "isemail@3.2.0": {
      "integrity": "sha512-zKqkK+O+dGqevc93KNsbZ/TqTUFd46MwWjYOoMrjIMZ51eU7DtQG3Wmd9SQQT7i7RVnuTPEiYEWHU3MSbxC1Tg==",
      "dependencies": [
        "punycode"
      ]
    },
    "joi@13.7.0": {
      "integrity": "sha512-xuY5VkHfeOYK3Hdi91ulocfuFopwgbSORmIwzcwHKESQhC7w1kD5jaVSPnqDxS2I8t3RZ9omCKAxNwXN5zG1/Q==",
      "dependencies": [
        "hoek@5.0.4",
        "isemail",
        "topo"
      ]
    },
    "jsdom@25.0.0": {
      "integrity": "sha512-OhoFVT59T7aEq75TVw9xxEfkXgacpqAhQaYgP9y/fDqWQCMB/b1H66RfmPm/MaeaAIU9nDwMOVTlPN51+ao6CQ==",
      "dependencies": [
        "cssstyle",
        "data-urls",
        "decimal.js",
        "form-data",
        "html-encoding-sniffer",
        "http-proxy-agent",
        "https-proxy-agent",
        "is-potential-custom-element-name",
        "nwsapi",
        "parse5",
        "rrweb-cssom",
        "saxes",
        "symbol-tree",
        "tough-cookie",
        "w3c-xmlserializer",
        "webidl-conversions",
        "whatwg-encoding",
        "whatwg-mimetype",
        "whatwg-url",
        "ws",
        "xml-name-validator"
      ]
    },
    "lodash@4.17.21": {
      "integrity": "sha512-v2kDEe57lecTulaDIuNTPy3Ry4gLGJ6Z1O3vE1krgXZNrsQ+LFTGHVxVjcXPs17LhbZVGedAJv8XZ1tvj5FvSg=="
    },
    "mime-db@1.52.0": {
      "integrity": "sha512-sPU4uV7dYlvtWJxwwxHD0PuihVNiE7TyAbQ5SWxDCB9mUYvOgroQOwYQQOKPJ8CIbE+1ETVlOoK1UC2nU3gYvg=="
    },
    "mime-types@2.1.35": {
      "integrity": "sha512-ZDY+bPm5zTTF+YpCrAU9nK0UgICYPT0QtT1NZWFv4s++TNkcgVaT0g6+4R2uI4MjQjzysHB1zxuWL50hzaeXiw==",
      "dependencies": [
        "mime-db"
      ]
    },
    "ms@2.1.3": {
      "integrity": "sha512-6FlzubTLZG3J2a/NVCAleEhjzq5oxgHyaCU9yYXvcLsvoVaHJq/s5xXI6/XXP6tz7R9xAOtHnSO/tXtF3WRTlA=="
    },
    "nan@2.20.0": {
      "integrity": "sha512-bk3gXBZDGILuuo/6sKtr0DQmSThYHLtNCdSdXk9YkxD/jK6X2vmCyyXBBxyqZ4XcnzTyYEAThfX3DCEnLf6igw=="
    },
    "node-expat@2.4.1": {
      "integrity": "sha512-uWgvQLgo883NKIL+66oJsK9ysKK3ej0YjVCPBZzO/7wMAuH68/Yb7+JwPWNaVq0yPaxrb48AoEXfYEc8gsmFbg==",
      "dependencies": [
        "bindings",
        "nan"
      ]
    },
    "nwsapi@2.2.12": {
      "integrity": "sha512-qXDmcVlZV4XRtKFzddidpfVP4oMSGhga+xdMc25mv8kaLUHtgzCDhUxkrN8exkGdTlLNaXj7CV3GtON7zuGZ+w=="
    },
    "parse5@7.1.2": {
      "integrity": "sha512-Czj1WaSVpaoj0wbhMzLmWD69anp2WH7FXMB9n1Sy8/ZFF9jolSQVMu1Ij5WIyGmcBmhk7EOndpO4mIpihVqAXw==",
      "dependencies": [
        "entities"
      ]
    },
    "psl@1.9.0": {
      "integrity": "sha512-E/ZsdU4HLs/68gYzgGTkMicWTLPdAftJLfJFlLUAAKZGkStNU72sZjT66SnMDVOfOWY/YAoiD7Jxa9iHvngcag=="
    },
    "punycode@2.3.1": {
      "integrity": "sha512-vYt7UD1U9Wg6138shLtLOvdAu+8DsC/ilFtEVHcH+wydcSpNE20AfSOduf6MkRFahL5FY7X1oU7nKVZFtfq8Fg=="
    },
    "querystringify@2.2.0": {
      "integrity": "sha512-FIqgj2EUvTa7R50u0rGsyTftzjYmv/a3hO345bZNrqabNqjtgiDMgmo4mkUjd+nzU5oF3dClKqFIPUKybUyqoQ=="
    },
    "requires-port@1.0.0": {
      "integrity": "sha512-KigOCHcocU3XODJxsu8i/j8T9tzT4adHiecwORRQ0ZZFcp7ahwXuRU1m+yuO90C5ZUyGeGfocHDI14M3L3yDAQ=="
    },
    "rrweb-cssom@0.7.1": {
      "integrity": "sha512-TrEMa7JGdVm0UThDJSx7ddw5nVm3UJS9o9CCIZ72B1vSyEZoziDqBYP3XIoi/12lKrJR8rE3jeFHMok2F/Mnsg=="
    },
    "safer-buffer@2.1.2": {
      "integrity": "sha512-YZo3K82SD7Riyi0E1EQPojLz7kpepnSQI9IyPbHHg1XXXevb5dJI7tpyN2ADxGcQbHG7vcyRHk0cbwqcQriUtg=="
    },
    "sax@1.4.1": {
      "integrity": "sha512-+aWOz7yVScEGoKNd4PA10LZ8sk0A/z5+nXQG5giUO5rprX9jgYsTdov9qCchZiPIZezbZH+jRut8nPodFAX4Jg=="
    },
    "saxes@6.0.0": {
      "integrity": "sha512-xAg7SOnEhrm5zI3puOOKyy1OMcMlIJZYNJY7xLBwSze0UjhPLnWfj2GF2EpT0jmzaJKIWKHLsaSSajf35bcYnA==",
      "dependencies": [
        "xmlchars"
      ]
    },
    "strnum@1.0.5": {
      "integrity": "sha512-J8bbNyKKXl5qYcR36TIO8W3mVGVHrmmxsd5PAItGkmyzwJvybiw2IVq5nqd0i4LSNSkB/sx9VHllbfFdr9k1JA=="
    },
    "symbol-tree@3.2.4": {
      "integrity": "sha512-9QNk5KwDF+Bvz+PyObkmSYjI5ksVUYtjW7AU22r2NKcfLJcXp96hkDWU3+XndOsUb+AQ9QhfzfCT2O+CNWT5Tw=="
    },
    "topo@3.0.3": {
      "integrity": "sha512-IgpPtvD4kjrJ7CRA3ov2FhWQADwv+Tdqbsf1ZnPUSAtCJ9e1Z44MmoSGDXGk4IppoZA7jd/QRkNddlLJWlUZsQ==",
      "dependencies": [
        "hoek@6.1.3"
      ]
    },
    "tough-cookie@4.1.4": {
      "integrity": "sha512-Loo5UUvLD9ScZ6jh8beX1T6sO1w2/MpCRpEP7V280GKMVUQ0Jzar2U3UJPsrdbziLEMMhu3Ujnq//rhiFuIeag==",
      "dependencies": [
        "psl",
        "punycode",
        "universalify",
        "url-parse"
      ]
    },
    "tr46@5.0.0": {
      "integrity": "sha512-tk2G5R2KRwBd+ZN0zaEXpmzdKyOYksXwywulIX95MBODjSzMIuQnQ3m8JxgbhnL1LeVo7lqQKsYa1O3Htl7K5g==",
      "dependencies": [
        "punycode"
      ]
    },
    "universalify@0.2.0": {
      "integrity": "sha512-CJ1QgKmNg3CwvAv/kOFmtnEN05f0D/cn9QntgNOQlQF9dgvVTHj3t+8JPdjqawCHk7V/KA+fbUqzZ9XWhcqPUg=="
    },
    "url-parse@1.5.10": {
      "integrity": "sha512-WypcfiRhfeUP9vvF0j6rw0J3hrWrw6iZv3+22h6iRMJ/8z1Tj6XfLP4DsUix5MhMPnXpiHDoKyoZ/bdCkwBCiQ==",
      "dependencies": [
        "querystringify",
        "requires-port"
      ]
    },
    "w3c-xmlserializer@5.0.0": {
      "integrity": "sha512-o8qghlI8NZHU1lLPrpi2+Uq7abh4GGPpYANlalzWxyWteJOCsr/P+oPBA49TOLu5FTZO4d3F9MnWJfiMo4BkmA==",
      "dependencies": [
        "xml-name-validator"
      ]
    },
    "webidl-conversions@7.0.0": {
      "integrity": "sha512-VwddBukDzu71offAQR975unBIGqfKZpM+8ZX6ySk8nYhVoo5CYaZyzt3YBvYtRtO+aoGlqxPg/B87NGVZ/fu6g=="
    },
    "whatwg-encoding@3.1.1": {
      "integrity": "sha512-6qN4hJdMwfYBtE3YBTTHhoeuUrDBPZmbQaxWAqSALV/MeEnR5z1xd8UKud2RAkFoPkmB+hli1TZSnyi84xz1vQ==",
      "dependencies": [
        "iconv-lite"
      ]
    },
    "whatwg-mimetype@4.0.0": {
      "integrity": "sha512-QaKxh0eNIi2mE9p2vEdzfagOKHCcj1pJ56EEHGQOVxp8r9/iszLUUV7v89x9O1p/T+NlTM5W7jW6+cz4Fq1YVg=="
    },
    "whatwg-url@14.0.0": {
      "integrity": "sha512-1lfMEm2IEr7RIV+f4lUNPOqfFL+pO+Xw3fJSqmjX9AbXcXcYOkCe1P6+9VBZB6n94af16NfZf+sSk0JCBZC9aw==",
      "dependencies": [
        "tr46",
        "webidl-conversions"
      ]
    },
    "ws@8.18.0": {
      "integrity": "sha512-8VbfWfHLbbwu3+N6OKsOMpBdT4kXPDDB9cJk2bJ6mh9ucxdlnNvH1e+roYkKmN9Nxw2yjz7VzeO9oOz2zJ04Pw=="
    },
    "xml-name-validator@5.0.0": {
      "integrity": "sha512-EvGK8EJ3DhaHfbRlETOWAS5pO9MZITeauHKJyb8wyajUfQUenkIg2MvLDTZ4T/TgIcm3HU0TFBgWWboAZ30UHg=="
    },
    "xml2js@0.6.2": {
      "integrity": "sha512-T4rieHaC1EXcES0Kxxj4JWgaUQHDk+qwHcYOCFHfiwKz7tOVPLq7Hjq9dM1WCMhylqMEfP7hMcOIChvotiZegA==",
      "dependencies": [
        "sax",
        "xmlbuilder"
      ]
    },
    "xml2json@0.12.0": {
      "integrity": "sha512-EPJHRWJnJUYbJlzR4pBhZODwWdi2IaYGtDdteJi0JpZ4OD31IplWALuit8r73dJuM4iHZdDVKY1tLqY2UICejg==",
      "dependencies": [
        "hoek@4.3.1",
        "joi",
        "node-expat"
      ]
    },
    "xmlbuilder@11.0.1": {
      "integrity": "sha512-fDlsI/kFEx7gLvbecc0/ohLG50fugQp8ryHzMTuW9vSa1GJ0XYWKnhsUx7oie3G98+r56aTQIUB4kht42R3JvA=="
    },
    "xmlchars@2.2.0": {
      "integrity": "sha512-JZnDKK8B0RCDw84FNdDAIpZK+JuJw+s7Lz8nksI7SIuU3UXJJslUthsi+uWBUYOwPFwW7W7PRLRfUKpxjtjFCw=="
    }
  },
  "redirects": {
    "https://deno.land/x/deno_dom/deno-dom-wasm.ts": "https://deno.land/x/deno_dom@v0.1.48/deno-dom-wasm.ts",
    "https://deno.land/x/inject/mod.ts": "https://deno.land/x/inject@v0.1.2/mod.ts",
    "https://denopkg.com/ThauEx/deno-fast-xml-parser/mod.ts": "https://denopkg.com/ThauEx/deno-fast-xml-parser@master/mod.ts"
  },
  "remote": {
    "https://deno.land/std@0.76.0/encoding/base64.ts": "b1d8f99b778981548457ec74bc6273ad785ffd6f61b2233bd5b30925345b565d",
    "https://deno.land/std@0.76.0/encoding/hex.ts": "07a03ba41c96060a4ed4ba272e50b9e23f3c5b3839f4b069cdebc24d57434386",
    "https://deno.land/std@0.76.0/hash/_wasm/hash.ts": "005f64c4d9343ecbc91e0da9ae5e800f146c20930ad829bbb872c5c06bd89c5f",
    "https://deno.land/std@0.76.0/hash/_wasm/wasm.js": "5ac48aa0c3931d7f31dba628be5ab0aa4e786354197eb4d7d0583f9b50be1397",
    "https://deno.land/std@0.76.0/hash/hasher.ts": "099c9e2a91b9f106b9f01379705e17e7d9de392ee1ea2b8684a2adfa82ac3bfc",
    "https://deno.land/std@0.76.0/hash/mod.ts": "e764a6a9ab2f5519a97f928e17cc13d984e3dd5c7f742ff9c1c8fb3114790f0c",
    "https://deno.land/x/deno_dom@v0.1.48/build/deno-wasm/deno-wasm.js": "d6841a06342eb6a2798ef28de79ad69c0f2fa349fa04d3ca45e5fcfbf50a9340",
    "https://deno.land/x/deno_dom@v0.1.48/deno-dom-wasm.ts": "0669396686fb207f1354af33df6aabe2189b4eceafdb1bf7f3d6bbb2637b6b03",
    "https://deno.land/x/deno_dom@v0.1.48/src/api.ts": "0ff5790f0a3eeecb4e00b7d8fbfa319b165962cf6d0182a65ba90f158d74f7d7",
    "https://deno.land/x/deno_dom@v0.1.48/src/constructor-lock.ts": "0e7b297e8b9cf921a3b0d3a692ec5fb462c5afc47ec554292e20090b9e16b40a",
    "https://deno.land/x/deno_dom@v0.1.48/src/deserialize.ts": "1cf4096678d8afed8ed28dbad690504c4d2c28149ba768b26eacd1416873425b",
    "https://deno.land/x/deno_dom@v0.1.48/src/dom/document-fragment.ts": "1c7352a3c816587ed7fad574b42636198f680f17abc3836fcfe7799b31e7718f",
    "https://deno.land/x/deno_dom@v0.1.48/src/dom/document.ts": "f8503c0ffe0d703535e84d174f1c30aa31eff15e1450777d7f2e8da81546c002",
    "https://deno.land/x/deno_dom@v0.1.48/src/dom/dom-parser.ts": "784ee0e766d4a01e14420f328053fd3a0016c6b40ee442edc3ae80f5d9777927",
    "https://deno.land/x/deno_dom@v0.1.48/src/dom/element.ts": "f662dbf28d2ac873ebbbe2d4ae53121d13879c2061416f6eae4e8cca58922e8b",
    "https://deno.land/x/deno_dom@v0.1.48/src/dom/elements/html-template-element.ts": "740b97a5378c9a14cccf3429299846eda240b613013e2d2d7f20b393897453c2",
    "https://deno.land/x/deno_dom@v0.1.48/src/dom/html-collection.ts": "eedc0b097612ef420d975df6924850a36a4829b35aafa4c92078609a15a52f08",
    "https://deno.land/x/deno_dom@v0.1.48/src/dom/node-list.ts": "d19fec8ed4979f43c8e117f9937b3da22acc2c8514cb1ef0074f54793cdfc8c9",
    "https://deno.land/x/deno_dom@v0.1.48/src/dom/node.ts": "c93e5f6b6c011cbad6f8728d65459782b911e097f9d0c8c99a51591f7c936449",
    "https://deno.land/x/deno_dom@v0.1.48/src/dom/selectors/custom-api.ts": "852696bd58e534bc41bd3be9e2250b60b67cd95fd28ed16b1deff1d548531a71",
    "https://deno.land/x/deno_dom@v0.1.48/src/dom/selectors/nwsapi-types.ts": "c43b36c36acc5d32caabaa54fda8c9d239b2b0fcbce9a28efb93c84aa1021698",
    "https://deno.land/x/deno_dom@v0.1.48/src/dom/selectors/nwsapi.js": "985d7d8fc1eabbb88946b47a1c44c1b2d4aa79ff23c21424219f1528fa27a2ff",
    "https://deno.land/x/deno_dom@v0.1.48/src/dom/selectors/selectors.ts": "83eab57be2290fb48e3130533448c93c6c61239f2a2f3b85f1917f80ca0fdc75",
    "https://deno.land/x/deno_dom@v0.1.48/src/dom/selectors/sizzle-types.ts": "78149e2502409989ce861ed636b813b059e16bc267bb543e7c2b26ef43e4798b",
    "https://deno.land/x/deno_dom@v0.1.48/src/dom/selectors/sizzle.js": "c3aed60c1045a106d8e546ac2f85cc82e65f62d9af2f8f515210b9212286682a",
    "https://deno.land/x/deno_dom@v0.1.48/src/dom/utils-types.ts": "96db30e3e4a75b194201bb9fa30988215da7f91b380fca6a5143e51ece2a8436",
    "https://deno.land/x/deno_dom@v0.1.48/src/dom/utils.ts": "4c6206516fb8f61f37a209c829e812c4f5a183e46d082934dd14c91bde939263",
    "https://deno.land/x/deno_dom@v0.1.48/src/parser.ts": "e06b2300d693e6ae7564e53dfa5c9a9e97fdb8c044c39c52c8b93b5d60860be3",
    "https://deno.land/x/denoflate@1.2.1/mod.ts": "f5628e44b80b3d80ed525afa2ba0f12408e3849db817d47a883b801f9ce69dd6",
    "https://deno.land/x/denoflate@1.2.1/pkg/denoflate.js": "b9f9ad9457d3f12f28b1fb35c555f57443427f74decb403113d67364e4f2caf4",
    "https://deno.land/x/denoflate@1.2.1/pkg/denoflate_bg.wasm.js": "d581956245407a2115a3d7e8d85a9641c032940a8e810acbd59ca86afd34d44d",
    "https://deno.land/x/esbuild@v0.18.10/mod.js": "897f063fc9a43b1152421a9211bbf0a5f3eb2e463d5ef5e036be1f1fe414e5eb",
    "https://deno.land/x/inject@v0.1.1/decorators.ts": "369a7d6973d15efe9bec4c9d632ce8f3ee7cb50c9882bae4eca53a6d323487bf",
    "https://deno.land/x/inject@v0.1.1/helper_types.ts": "77725b0ca04ac63c9f006b55c8c6a70c422722a12b90a18e76c7f8a9250e0ab4",
    "https://deno.land/x/inject@v0.1.1/injector.ts": "72112bf2d4c8a5c4823d2681ff34e267b8d44a784dfcd1050b5b7fa2d564c102",
    "https://deno.land/x/inject@v0.1.1/mod.ts": "b002ad92da197affe13a7cb7eeade707b9714b1347b7c6df8c11a6b280b959d0",
    "https://deno.land/x/inject@v0.1.2/decorators.ts": "369a7d6973d15efe9bec4c9d632ce8f3ee7cb50c9882bae4eca53a6d323487bf",
    "https://deno.land/x/inject@v0.1.2/helper_types.ts": "77725b0ca04ac63c9f006b55c8c6a70c422722a12b90a18e76c7f8a9250e0ab4",
    "https://deno.land/x/inject@v0.1.2/injector.ts": "1be74803e007b4410cfe8f1e3d28150fe0c4abffc960d5af7b0413b4ab01a54e",
    "https://deno.land/x/inject@v0.1.2/mod.ts": "b002ad92da197affe13a7cb7eeade707b9714b1347b7c6df8c11a6b280b959d0",
    "https://deno.land/x/object_hash@2.0.3.1/index.ts": "74b20a0065dc0066c60510174626db1d18e53ec966edb6f76fa33a67aa0c44e3",
    "https://deno.land/x/object_hash@2.0.3.1/mod.ts": "648559bcafb54b930d4b6a283cc2eef20afa54de471371a97c2ccf8116941148",
    "https://deno.land/x/reflect_metadata@v0.1.12-2/Reflect.ts": "f629ad7988465fff50dd34d0b969557d85bb175a0c43fe9af3e066b4993a31e7",
    "https://deno.land/x/reflect_metadata@v0.1.12-2/mod.ts": "8b5e3b20f1e604c118df433e84a409b1d5116e885001047134cc42ecf84fa2cd",
    "https://deno.land/x/reflect_metadata@v0.1.12/Reflect.ts": "eced7b7e642853c6fb9a209f96ddd1932ab1e0fc3c514705c87d56169c8fe260",
    "https://deno.land/x/reflect_metadata@v0.1.12/mod.ts": "8b5e3b20f1e604c118df433e84a409b1d5116e885001047134cc42ecf84fa2cd",
    "https://deno.land/x/xml@5.4.16/_types.ts": "493c293e61bd2be051c377d4e6389d9f4e17403e70e4f0de25599b86265efc80",
    "https://deno.land/x/xml@5.4.16/mod.ts": "b59e5c0dd9fe7ed597c21c39aacf089aa82fe5c5eaad3f411a43a9c104359f4e",
    "https://deno.land/x/xml@5.4.16/parse.ts": "af704c72d42607d5b3f364972c413e05b6d2921d164806ec47aee348cf6ce49c",
    "https://deno.land/x/xml@5.4.16/stringify.ts": "a00881a1e563902538cfea8ce31464c81e98e61dddcf718039d7118b46464687",
    "https://deno.land/x/xml@5.4.16/wasm_xml_parser/wasm_xml_parser.js": "7ec301b1db7d11671f4f8785505c6f617ea05fcb3d558686c67efad263ea0c8e",
    "https://denopkg.com/ThauEx/deno-fast-xml-parser@master/mod.ts": "8b82336e61e5ab2c499a8f2bd9adf732b12398bb242f6468aabeb9e8a5e9c9f0",
    "https://denopkg.com/ThauEx/deno-fast-xml-parser@master/src/node2json.js": "f45f097081c1079783d49286e2e06d1dd9083890ce9981c8eb745cfe3d7cae41",
    "https://denopkg.com/ThauEx/deno-fast-xml-parser@master/src/parser.js": "56e9415922e1b2ab43e4aa5b80cd289760b8d4fb8d084c86ffda48ca2f8218b6",
    "https://denopkg.com/ThauEx/deno-fast-xml-parser@master/src/util.js": "234fa8f86e612dd84e83b3cf6c2f2ae9fd00d739fc2e8d636cfa55f0d428ffeb",
    "https://denopkg.com/ThauEx/deno-fast-xml-parser@master/src/validator.js": "166a8978d6eb6672ff378c7979733230ab80c1b285956551db03b6092ab15d6e",
    "https://denopkg.com/ThauEx/deno-fast-xml-parser@master/src/xmlNode.js": "efbdf148c536d9bf54a621aa6a15eedc6801976ee99b86395d182f062c282f50",
    "https://denopkg.com/ThauEx/deno-fast-xml-parser@master/src/xmlstr2xmlnode.js": "35640f96899a3b5eeff3137ddf2ec208d9d57e4cb130411a9606a417fa4214b3",
    "https://unpkg.com/sax-ts@1.2.8/src/sax.ts": "656083a3e07a3eab18eb45e3be40f163cf69507b7ebe5afb5fff48d3d2de4496"
  },
  "workspace": {
    "dependencies": [
      "jsr:@std/path@^1.0.6"
    ]
  }
}
